
Microsoft Visual Studio Solution File, Format Version 12.00
# Visual Studio 15
VisualStudioVersion = 15.0.27130.2010
MinimumVisualStudioVersion = 10.0.40219.1
Project("{9A19103F-16F7-4668-BE54-9A1E7A4F7556}") = "AmigoForm", "AmigoForm\AmigoForm.csproj", "{52BAD921-60BB-44D4-943E-8D47EFC3EDE8}"
EndProject
Global
	GlobalSection(SolutionConfigurationPlatforms) = preSolution
		Debug|Any CPU = Debug|Any CPU
		Release|Any CPU = Release|Any CPU
	EndGlobalSection
	GlobalSection(ProjectConfigurationPlatforms) = postSolution
		{52BAD921-60BB-44D4-943E-8D47EFC3EDE8}.Debug|Any CPU.ActiveCfg = Debug|Any CPU
		{52BAD921-60BB-44D4-943E-8D47EFC3EDE8}.Debug|Any CPU.Build.0 = Debug|Any CPU
		{52BAD921-60BB-44D4-943E-8D47EFC3EDE8}.Release|Any CPU.ActiveCfg = Release|Any CPU
		{52BAD921-60BB-44D4-943E-8D47EFC3EDE8}.Release|Any CPU.Build.0 = Release|Any CPU
	EndGlobalSection
	GlobalSection(SolutionProperties) = preSolution
		HideSolutionNode = FALSE
	EndGlobalSection
	GlobalSection(ExtensibilityGlobals) = postSolution
		SolutionGuid = {EB380D18-069F-45B6-8A5D-F5184F80EA42}
	EndGlobalSection
EndGlobal
